
Microsoft Visual Studio Solution File, Format Version 12.00
# Visual Studio 15
VisualStudioVersion = 15.0.28307.1169
MinimumVisualStudioVersion = 10.0.40219.1
Project("{FAE04EC0-301F-11D3-BF4B-00C04F79EFBC}") = "test", "test\test.csproj", "{0E2BF126-18F1-4675-A368-B6BD1012D84F}"
EndProject
Global
	GlobalSection(SolutionConfigurationPlatforms) = preSolution
		Debug|Any CPU = Debug|Any CPU
		Release|Any CPU = Release|Any CPU
	EndGlobalSection
	GlobalSection(ProjectConfigurationPlatforms) = postSolution
		{0E2BF126-18F1-4675-A368-B6BD1012D84F}.Debug|Any CPU.ActiveCfg = Debug|Any CPU
		{0E2BF126-18F1-4675-A368-B6BD1012D84F}.Debug|Any CPU.Build.0 = Debug|Any CPU
		{0E2BF126-18F1-4675-A368-B6BD1012D84F}.Release|Any CPU.ActiveCfg = Release|Any CPU
		{0E2BF126-18F1-4675-A368-B6BD1012D84F}.Release|Any CPU.Build.0 = Release|Any CPU
	EndGlobalSection
	GlobalSection(SolutionProperties) = preSolution
		HideSolutionNode = FALSE
	EndGlobalSection
	GlobalSection(ExtensibilityGlobals) = postSolution
		SolutionGuid = {00403703-7C87-4A98-833E-46B080152466}
	EndGlobalSection
EndGlobal
